
Microsoft Visual Studio Solution File, Format Version 12.00
# Visual Studio Version 16
VisualStudioVersion = 16.0.31515.178
MinimumVisualStudioVersion = 10.0.40219.1
Project("{FAE04EC0-301F-11D3-BF4B-00C04F79EFBC}") = "ZMK", "ZMK\ZMK.csproj", "{CAA20CE7-CA80-4F16-ABB9-7D5B543A5764}"
EndProject
Global
	GlobalSection(SolutionConfigurationPlatforms) = preSolution
		Debug|Any CPU = Debug|Any CPU
		Release|Any CPU = Release|Any CPU
	EndGlobalSection
	GlobalSection(ProjectConfigurationPlatforms) = postSolution
		{CAA20CE7-CA80-4F16-ABB9-7D5B543A5764}.Debug|Any CPU.ActiveCfg = Debug|Any CPU
		{CAA20CE7-CA80-4F16-ABB9-7D5B543A5764}.Debug|Any CPU.Build.0 = Debug|Any CPU
		{CAA20CE7-CA80-4F16-ABB9-7D5B543A5764}.Release|Any CPU.ActiveCfg = Release|Any CPU
		{CAA20CE7-CA80-4F16-ABB9-7D5B543A5764}.Release|Any CPU.Build.0 = Release|Any CPU
	EndGlobalSection
	GlobalSection(SolutionProperties) = preSolution
		HideSolutionNode = FALSE
	EndGlobalSection
	GlobalSection(ExtensibilityGlobals) = postSolution
		SolutionGuid = {FC0CAC94-1AD5-4B46-9505-F0AEF5E97107}
	EndGlobalSection
EndGlobal
